
Microsoft Visual Studio Solution File, Format Version 12.00
# Visual Studio Version 16
VisualStudioVersion = 16.0.28803.452
MinimumVisualStudioVersion = 10.0.40219.1
Project("{9A19103F-16F7-4668-BE54-9A1E7A4F7556}") = "ORAN_Studio", "ORAN_Studio\ORAN_Studio.csproj", "{3CDDA974-3AA6-483C-8764-FE19309E2806}"
EndProject
Project("{FAE04EC0-301F-11D3-BF4B-00C04F79EFBC}") = "RestAPIExample", "RestAPIExample\RestAPIExample.csproj", "{5A85FD66-2FFE-4565-B4D9-E4848FA81763}"
EndProject
Global
	GlobalSection(SolutionConfigurationPlatforms) = preSolution
		Debug|Any CPU = Debug|Any CPU
		Debug|x64 = Debug|x64
		Release|Any CPU = Release|Any CPU
		Release|x64 = Release|x64
	EndGlobalSection
	GlobalSection(ProjectConfigurationPlatforms) = postSolution
		{3CDDA974-3AA6-483C-8764-FE19309E2806}.Debug|Any CPU.ActiveCfg = Debug|Any CPU
		{3CDDA974-3AA6-483C-8764-FE19309E2806}.Debug|Any CPU.Build.0 = Debug|Any CPU
		{3CDDA974-3AA6-483C-8764-FE19309E2806}.Debug|x64.ActiveCfg = Debug|Any CPU
		{3CDDA974-3AA6-483C-8764-FE19309E2806}.Debug|x64.Build.0 = Debug|Any CPU
		{3CDDA974-3AA6-483C-8764-FE19309E2806}.Release|Any CPU.ActiveCfg = Release|Any CPU
		{3CDDA974-3AA6-483C-8764-FE19309E2806}.Release|Any CPU.Build.0 = Release|Any CPU
		{3CDDA974-3AA6-483C-8764-FE19309E2806}.Release|x64.ActiveCfg = Release|Any CPU
		{3CDDA974-3AA6-483C-8764-FE19309E2806}.Release|x64.Build.0 = Release|Any CPU
		{5A85FD66-2FFE-4565-B4D9-E4848FA81763}.Debug|Any CPU.ActiveCfg = Debug|Any CPU
		{5A85FD66-2FFE-4565-B4D9-E4848FA81763}.Debug|Any CPU.Build.0 = Debug|Any CPU
		{5A85FD66-2FFE-4565-B4D9-E4848FA81763}.Debug|x64.ActiveCfg = Debug|x64
		{5A85FD66-2FFE-4565-B4D9-E4848FA81763}.Debug|x64.Build.0 = Debug|x64
		{5A85FD66-2FFE-4565-B4D9-E4848FA81763}.Release|Any CPU.ActiveCfg = Release|Any CPU
		{5A85FD66-2FFE-4565-B4D9-E4848FA81763}.Release|Any CPU.Build.0 = Release|Any CPU
		{5A85FD66-2FFE-4565-B4D9-E4848FA81763}.Release|x64.ActiveCfg = Release|x64
		{5A85FD66-2FFE-4565-B4D9-E4848FA81763}.Release|x64.Build.0 = Release|x64
	EndGlobalSection
	GlobalSection(SolutionProperties) = preSolution
		HideSolutionNode = FALSE
	EndGlobalSection
	GlobalSection(ExtensibilityGlobals) = postSolution
		SolutionGuid = {B95468EE-0100-41EB-A299-8A071F370A61}
	EndGlobalSection
EndGlobal
